{
  "name": "generator-slate-plugin",
  "version": "1.0.0",
  "lockfileVersion": 1,
  "requires": true,
  "dependencies": {
    "@jswork/next-npm-registries": {
      "version": "1.0.2",
      "resolved": "https://registry.npmjs.org/@jswork/next-npm-registries/-/next-npm-registries-1.0.2.tgz",
      "integrity": "sha512-ALh6piZUuVLxHnhDSOnO5TyBZE6fis3uXb76C/hH6y6RKR9aacM/4kx6xGs/Wk2jhaupDh85JEN7/KIb4+slDw=="
    },
    "@jswork/next-registry-choices": {
      "version": "1.0.1",
      "resolved": "https://registry.npmjs.org/@jswork/next-registry-choices/-/next-registry-choices-1.0.1.tgz",
      "integrity": "sha512-7UkybBjQLK+OvIMHWijiTAafl9azFleo+xxgF2dIuFZVS/4JtUAs3FsOB7Ybx5XfJMK+5FI4Tqs8r1WB+wz1OA==",
      "requires": {
        "@jswork/next-npm-registries": "^1.0.1"
      }
    }
  }
}
